PODS:
  - AFNetworking (4.0.1):
    - AFNetworking/NSURLSession (= 4.0.1)
    - AFNetworking/Reachability (= 4.0.1)
    - AFNetworking/Security (= 4.0.1)
    - AFNetworking/Serialization (= 4.0.1)
    - AFNetworking/UIKit (= 4.0.1)
  - AFNetworking/NSURLSession (4.0.1):
    - AFNetworking/Reachability
    - AFNetworking/Security
    - AFNetworking/Serialization
  - AFNetworking/Reachability (4.0.1)
  - AFNetworking/Security (4.0.1)
  - AFNetworking/Serialization (4.0.1)
  - AFNetworking/UIKit (4.0.1):
    - AFNetworking/NSURLSession
  - Base64 (1.1.2)
  - JWT (2.2.0):
    - Base64 (~> 1.1.2)
  - Masonry (1.1.0)
  - YYModel (1.0.4)

DEPENDENCIES:
  - AFNetworking (~> 4.0)
  - JWT
  - Masonry
  - YYModel

SPEC REPOS:
  trunk:
    - AFNetworking
    - Base64
    - JWT
    - Masonry
    - YYModel

SPEC CHECKSUMS:
  AFNetworking: 7864c38297c79aaca1500c33288e429c3451fdce
  Base64: cecfb41a004124895a7bcee567a89bae5a89d49b
  JWT: cf73c0ab0dac762df3de8a3f1164352089d97780
  Masonry: 678fab65091a9290e40e2832a55e7ab731aad201
  YYModel: 2a7fdd96aaa4b86a824e26d0c517de8928c04b30

PODFILE CHECKSUM: 5bd64169e395f31106b74d174a9362666300d1fb

COCOAPODS: 1.11.3
